PODS:
  - R.swift.Library (3.0.0)

DEPENDENCIES:
  - R.swift.Library (from `https://github.com/bre7/R.swift.Library.git`)

EXTERNAL SOURCES:
  R.swift.Library:
    :git: https://github.com/bre7/R.swift.Library.git

CHECKOUT OPTIONS:
  R.swift.Library:
    :commit: a5bdfb249936e14705bb9c0f88fa636a2ffd6135
    :git: https://github.com/bre7/R.swift.Library.git

SPEC CHECKSUMS:
  R.swift.Library: 8f2d484f73e6f80ef20c4befd44a9c4e7baedb76

PODFILE CHECKSUM: d2c9152dc7ff5aca961ede70439a87219b459833

COCOAPODS: 1.1.0.beta.1
